
Microsoft Visual Studio Solution File, Format Version 12.00
# Visual Studio Version 17
VisualStudioVersion = 17.4.33403.182
MinimumVisualStudioVersion = 10.0.40219.1
Project("{FAE04EC0-301F-11D3-BF4B-00C04F79EFBC}") = "Note_App_with_Database", "Note_App_with_Database\Note_App_with_Database.csproj", "{338108D1-12E5-465C-9C82-816785A0A97A}"
EndProject
Global
	GlobalSection(SolutionConfigurationPlatforms) = preSolution
		Debug|Any CPU = Debug|Any CPU
		Release|Any CPU = Release|Any CPU
	EndGlobalSection
	GlobalSection(ProjectConfigurationPlatforms) = postSolution
		{338108D1-12E5-465C-9C82-816785A0A97A}.Debug|Any CPU.ActiveCfg = Debug|Any CPU
		{338108D1-12E5-465C-9C82-816785A0A97A}.Debug|Any CPU.Build.0 = Debug|Any CPU
		{338108D1-12E5-465C-9C82-816785A0A97A}.Release|Any CPU.ActiveCfg = Release|Any CPU
		{338108D1-12E5-465C-9C82-816785A0A97A}.Release|Any CPU.Build.0 = Release|Any CPU
	EndGlobalSection
	GlobalSection(SolutionProperties) = preSolution
		HideSolutionNode = FALSE
	EndGlobalSection
	GlobalSection(ExtensibilityGlobals) = postSolution
		SolutionGuid = {335086BF-37AA-4490-8022-4C87CB0E6203}
	EndGlobalSection
EndGlobal
